
Microsoft Visual Studio Solution File, Format Version 12.00
# Visual Studio Version 17
VisualStudioVersion = 17.9.34728.123
MinimumVisualStudioVersion = 10.0.40219.1
Project("{FAE04EC0-301F-11D3-BF4B-00C04F79EFBC}") = "MadokaMagicaModels", "MadokaMagicaModels\MadokaMagicaModels.csproj", "{1B5DBBD8-2F87-448C-9845-7879B4FF11B2}"
EndProject
Global
	GlobalSection(SolutionConfigurationPlatforms) = preSolution
		Debug|Any CPU = Debug|Any CPU
		Release|Any CPU = Release|Any CPU
	EndGlobalSection
	GlobalSection(ProjectConfigurationPlatforms) = postSolution
		{1B5DBBD8-2F87-448C-9845-7879B4FF11B2}.Debug|Any CPU.ActiveCfg = Debug|Any CPU
		{1B5DBBD8-2F87-448C-9845-7879B4FF11B2}.Debug|Any CPU.Build.0 = Debug|Any CPU
		{1B5DBBD8-2F87-448C-9845-7879B4FF11B2}.Release|Any CPU.ActiveCfg = Release|Any CPU
		{1B5DBBD8-2F87-448C-9845-7879B4FF11B2}.Release|Any CPU.Build.0 = Release|Any CPU
	EndGlobalSection
	GlobalSection(SolutionProperties) = preSolution
		HideSolutionNode = FALSE
	EndGlobalSection
	GlobalSection(ExtensibilityGlobals) = postSolution
		SolutionGuid = {BA2569F6-ED6B-487F-8371-54F9E1C2FC04}
	EndGlobalSection
EndGlobal
